
Microsoft Visual Studio Solution File, Format Version 12.00
# Visual Studio Version 16
VisualStudioVersion = 16.0.31112.23
MinimumVisualStudioVersion = 10.0.40219.1
Project("{FAE04EC0-301F-11D3-BF4B-00C04F79EFBC}") = "LearnList", "LearnList\LearnList.csproj", "{94AEE288-0B4C-464B-9821-C09D5D37E27F}"
EndProject
Global
	GlobalSection(SolutionConfigurationPlatforms) = preSolution
		Debug|Any CPU = Debug|Any CPU
		Release|Any CPU = Release|Any CPU
	EndGlobalSection
	GlobalSection(ProjectConfigurationPlatforms) = postSolution
		{94AEE288-0B4C-464B-9821-C09D5D37E27F}.Debug|Any CPU.ActiveCfg = Debug|Any CPU
		{94AEE288-0B4C-464B-9821-C09D5D37E27F}.Debug|Any CPU.Build.0 = Debug|Any CPU
		{94AEE288-0B4C-464B-9821-C09D5D37E27F}.Release|Any CPU.ActiveCfg = Release|Any CPU
		{94AEE288-0B4C-464B-9821-C09D5D37E27F}.Release|Any CPU.Build.0 = Release|Any CPU
	EndGlobalSection
	GlobalSection(SolutionProperties) = preSolution
		HideSolutionNode = FALSE
	EndGlobalSection
	GlobalSection(ExtensibilityGlobals) = postSolution
		SolutionGuid = {0A800F66-56F0-4D3D-88A0-AE63D8ED51E6}
	EndGlobalSection
EndGlobal
